// !$*UTF8*$!
{
	archiveVersion = 1;
	classes = {
	};
	objectVersion = 56;
	objects = {

/* Begin PBXBuildFile section */
		147EF1702B60466300B97979 /* JPApexPredators17App.swift in Sources */ = {isa = PBXBuildFile; fileRef = 147EF16F2B60466300B97979 /* JPApexPredators17App.swift */; };
		147EF1722B60466300B97979 /* ContentView.swift in Sources */ = {isa = PBXBuildFile; fileRef = 147EF1712B60466300B97979 /* ContentView.swift */; };
		147EF1742B60466500B97979 /* Assets.xcassets in Resources */ = {isa = PBXBuildFile; fileRef = 147EF1732B60466500B97979 /* Assets.xcassets */; };
		147EF1772B60466500B97979 /* Preview Assets.xcassets in Resources */ = {isa = PBXBuildFile; fileRef = 147EF1762B60466500B97979 /* Preview Assets.xcassets */; };
		147EF17E2B60490800B97979 /* jpapexpredators.json in Resources */ = {isa = PBXBuildFile; fileRef = 147EF17D2B60490800B97979 /* jpapexpredators.json */; };
		147EF1802B604DE100B97979 /* ApexPredator.swift in Sources */ = {isa = PBXBuildFile; fileRef = 147EF17F2B604DE100B97979 /* ApexPredator.swift */; };
		147EF1822B60540400B97979 /* Predators.swift in Sources */ = {isa = PBXBuildFile; fileRef = 147EF1812B60540400B97979 /* Predators.swift */; };
		147EF1842B61AF4000B97979 /* PredatorDetail.swift in Sources */ = {isa = PBXBuildFile; fileRef = 147EF1832B61AF4000B97979 /* PredatorDetail.swift */; };
		14B248CF2B62DA5B00E114F0 /* PredatorMap.swift in Sources */ = {isa = PBXBuildFile; fileRef = 14B248CE2B62DA5B00E114F0 /* PredatorMap.swift */; };
		14B248D52B62F9D300E114F0 /* Stickers.xcassets in Resources */ = {isa = PBXBuildFile; fileRef = 14B248D42B62F9D300E114F0 /* Stickers.xcassets */; };
		14B248D92B62F9D300E114F0 /* ApexStickers.appex in Embed Foundation Extensions */ = {isa = PBXBuildFile; fileRef = 14B248D22B62F9D200E114F0 /* ApexStickers.appex */; settings = {ATTRIBUTES = (RemoveHeadersOnCopy, ); }; };
/* End PBXBuildFile section */

/* Begin PBXContainerItemProxy section */
		14B248D72B62F9D300E114F0 /* PBXContainerItemProxy */ = {
			isa = PBXContainerItemProxy;
			containerPortal = 147EF1642B60466300B97979 /* Project object */;
			proxyType = 1;
			remoteGlobalIDString = 14B248D12B62F9D200E114F0;
			remoteInfo = ApexStickers;
		};
/* End PBXContainerItemProxy section */

/* Begin PBXCopyFilesBuildPhase section */
		14B248DD2B62F9D300E114F0 /* Embed Foundation Extensions */ = {
			isa = PBXCopyFilesBuildPhase;
			buildActionMask = 2147483647;
			dstPath = "";
			dstSubfolderSpec = 13;
			files = (
				14B248D92B62F9D300E114F0 /* ApexStickers.appex in Embed Foundation Extensions */,
			);
			name = "Embed Foundation Extensions";
			runOnlyForDeploymentPostprocessing = 0;
		};
/* End PBXCopyFilesBuildPhase section */

/* Begin PBXFileReference section */
		147EF16C2B60466300B97979 /* JPApexPredators17.app */ = {isa = PBXFileReference; explicitFileType = wrapper.application; includeInIndex = 0; path = JPApexPredators17.app; sourceTree = BUILT_PRODUCTS_DIR; };
		147EF16F2B60466300B97979 /* JPApexPredators17App.swift */ = {isa = PBXFileReference; lastKnownFileType = sourcecode.swift; path = JPApexPredators17App.swift; sourceTree = "<group>"; };
		147EF1712B60466300B97979 /* ContentView.swift */ = {isa = PBXFileReference; lastKnownFileType = sourcecode.swift; path = ContentView.swift; sourceTree = "<group>"; };
		147EF1732B60466500B97979 /* Assets.xcassets */ = {isa = PBXFileReference; lastKnownFileType = folder.assetcatalog; path = Assets.xcassets; sourceTree = "<group>"; };
		147EF1762B60466500B97979 /* Preview Assets.xcassets */ = {isa = PBXFileReference; lastKnownFileType = folder.assetcatalog; path = "Preview Assets.xcassets"; sourceTree = "<group>"; };
		147EF17D2B60490800B97979 /* jpapexpredators.json */ = {isa = PBXFileReference; fileEncoding = 4; lastKnownFileType = text.json; path = jpapexpredators.json; sourceTree = "<group>"; };
		147EF17F2B604DE100B97979 /* ApexPredator.swift */ = {isa = PBXFileReference; lastKnownFileType = sourcecode.swift; path = ApexPredator.swift; sourceTree = "<group>"; };
		147EF1812B60540400B97979 /* Predators.swift */ = {isa = PBXFileReference; lastKnownFileType = sourcecode.swift; path = Predators.swift; sourceTree = "<group>"; };
		147EF1832B61AF4000B97979 /* PredatorDetail.swift */ = {isa = PBXFileReference; lastKnownFileType = sourcecode.swift; path = PredatorDetail.swift; sourceTree = "<group>"; };
		14B248CE2B62DA5B00E114F0 /* PredatorMap.swift */ = {isa = PBXFileReference; lastKnownFileType = sourcecode.swift; path = PredatorMap.swift; sourceTree = "<group>"; };
		14B248D22B62F9D200E114F0 /* ApexStickers.appex */ = {isa = PBXFileReference; explicitFileType = "wrapper.app-extension"; includeInIndex = 0; path = ApexStickers.appex; sourceTree = BUILT_PRODUCTS_DIR; };
		14B248D42B62F9D300E114F0 /* Stickers.xcassets */ = {isa = PBXFileReference; lastKnownFileType = folder.assetcatalog; path = Stickers.xcassets; sourceTree = "<group>"; };
		14B248D62B62F9D300E114F0 /* Info.plist */ = {isa = PBXFileReference; lastKnownFileType = text.plist.xml; path = Info.plist; sourceTree = "<group>"; };
/* End PBXFileReference section */

/* Begin PBXFrameworksBuildPhase section */
		147EF1692B60466300B97979 /* Frameworks */ = {
			isa = PBXFrameworksBuildPhase;
			buildActionMask = 2147483647;
			files = (
			);
			runOnlyForDeploymentPostprocessing = 0;
		};
/* End PBXFrameworksBuildPhase section */

/* Begin PBXGroup section */
		147EF1632B60466300B97979 = {
			isa = PBXGroup;
			children = (
				147EF16E2B60466300B97979 /* JPApexPredators17 */,
				14B248D32B62F9D200E114F0 /* ApexStickers */,
				147EF16D2B60466300B97979 /* Products */,
			);
			sourceTree = "<group>";
		};
		147EF16D2B60466300B97979 /* Products */ = {
			isa = PBXGroup;
			children = (
				147EF16C2B60466300B97979 /* JPApexPredators17.app */,
				14B248D22B62F9D200E114F0 /* ApexStickers.appex */,
			);
			name = Products;
			sourceTree = "<group>";
		};
		147EF16E2B60466300B97979 /* JPApexPredators17 */ = {
			isa = PBXGroup;
			children = (
				147EF16F2B60466300B97979 /* JPApexPredators17App.swift */,
				147EF1712B60466300B97979 /* ContentView.swift */,
				147EF1832B61AF4000B97979 /* PredatorDetail.swift */,
				147EF17F2B604DE100B97979 /* ApexPredator.swift */,
				14B248CE2B62DA5B00E114F0 /* PredatorMap.swift */,
				147EF1812B60540400B97979 /* Predators.swift */,
				147EF1732B60466500B97979 /* Assets.xcassets */,
				147EF17D2B60490800B97979 /* jpapexpredators.json */,
				147EF1752B60466500B97979 /* Preview Content */,
			);
			path = JPApexPredators17;
			sourceTree = "<group>";
		};
		147EF1752B60466500B97979 /* Preview Content */ = {
			isa = PBXGroup;
			children = (
				147EF1762B60466500B97979 /* Preview Assets.xcassets */,
			);
			path = "Preview Content";
			sourceTree = "<group>";
		};
		14B248D32B62F9D200E114F0 /* ApexStickers */ = {
			isa = PBXGroup;
			children = (
				14B248D42B62F9D300E114F0 /* Stickers.xcassets */,
				14B248D62B62F9D300E114F0 /* Info.plist */,
			);
			path = ApexStickers;
			sourceTree = "<group>";
		};
/* End PBXGroup section */

/* Begin PBXNativeTarget section */
		147EF16B2B60466300B97979 /* JPApexPredators17 */ = {
			isa = PBXNativeTarget;
			buildConfigurationList = 147EF17A2B60466500B97979 /* Build configuration list for PBXNativeTarget "JPApexPredators17" */;
			buildPhases = (
				147EF1682B60466300B97979 /* Sources */,
				147EF1692B60466300B97979 /* Frameworks */,
				147EF16A2B60466300B97979 /* Resources */,
				14B248DD2B62F9D300E114F0 /* Embed Foundation Extensions */,
			);
			buildRules = (
			);
			dependencies = (
				14B248D82B62F9D300E114F0 /* PBXTargetDependency */,
			);
			name = JPApexPredators17;
			productName = JPApexPredators17;
			productReference = 147EF16C2B60466300B97979 /* JPApexPredators17.app */;
			productType = "com.apple.product-type.application";
		};
		14B248D12B62F9D200E114F0 /* ApexStickers */ = {
			isa = PBXNativeTarget;
			buildConfigurationList = 14B248DA2B62F9D300E114F0 /* Build configuration list for PBXNativeTarget "ApexStickers" */;
			buildPhases = (
				14B248D02B62F9D200E114F0 /* Resources */,
			);
			buildRules = (
			);
			dependencies = (
			);
			name = ApexStickers;
			productName = ApexStickers;
			productReference = 14B248D22B62F9D200E114F0 /* ApexStickers.appex */;
			productType = "com.apple.product-type.app-extension.messages-sticker-pack";
		};
/* End PBXNativeTarget section */

/* Begin PBXProject section */
		147EF1642B60466300B97979 /* Project object */ = {
			isa = PBXProject;
			attributes = {
				BuildIndependentTargetsInParallel = 1;
				LastSwiftUpdateCheck = 1520;
				LastUpgradeCheck = 1520;
				TargetAttributes = {
					147EF16B2B60466300B97979 = {
						CreatedOnToolsVersion = 15.2;
					};
					14B248D12B62F9D200E114F0 = {
						CreatedOnToolsVersion = 15.2;
					};
				};
			};
			buildConfigurationList = 147EF1672B60466300B97979 /* Build configuration list for PBXProject "JPApexPredators17" */;
			compatibilityVersion = "Xcode 14.0";
			developmentRegion = en;
			hasScannedForEncodings = 0;
			knownRegions = (
				en,
				Base,
			);
			mainGroup = 147EF1632B60466300B97979;
			productRefGroup = 147EF16D2B60466300B97979 /* Products */;
			projectDirPath = "";
			projectRoot = "";
			targets = (
				147EF16B2B60466300B97979 /* JPApexPredators17 */,
				14B248D12B62F9D200E114F0 /* ApexStickers */,
			);
		};
/* End PBXProject section */

/* Begin PBXResourcesBuildPhase section */
		147EF16A2B60466300B97979 /* Resources */ = {
			isa = PBXResourcesBuildPhase;
			buildActionMask = 2147483647;
			files = (
				147EF1772B60466500B97979 /* Preview Assets.xcassets in Resources */,
				147EF1742B60466500B97979 /* Assets.xcassets in Resources */,
				147EF17E2B60490800B97979 /* jpapexpredators.json in Resources */,
			);
			runOnlyForDeploymentPostprocessing = 0;
		};
		14B248D02B62F9D200E114F0 /* Resources */ = {
			isa = PBXResourcesBuildPhase;
			buildActionMask = 2147483647;
			files = (
				14B248D52B62F9D300E114F0 /* Stickers.xcassets in Resources */,
			);
			runOnlyForDeploymentPostprocessing = 0;
		};
/* End PBXResourcesBuildPhase section */

/* Begin PBXSourcesBuildPhase section */
		147EF1682B60466300B97979 /* Sources */ = {
			isa = PBXSourcesBuildPhase;
			buildActionMask = 2147483647;
			files = (
				147EF1802B604DE100B97979 /* ApexPredator.swift in Sources */,
				14B248CF2B62DA5B00E114F0 /* PredatorMap.swift in Sources */,
				147EF1722B60466300B97979 /* ContentView.swift in Sources */,
				147EF1842B61AF4000B97979 /* PredatorDetail.swift in Sources */,
				147EF1822B60540400B97979 /* Predators.swift in Sources */,
				147EF1702B60466300B97979 /* JPApexPredators17App.swift in Sources */,
			);
			runOnlyForDeploymentPostprocessing = 0;
		};
/* End PBXSourcesBuildPhase section */

/* Begin PBXTargetDependency section */
		14B248D82B62F9D300E114F0 /* PBXTargetDependency */ = {
			isa = PBXTargetDependency;
			target = 14B248D12B62F9D200E114F0 /* ApexStickers */;
			targetProxy = 14B248D72B62F9D300E114F0 /* PBXContainerItemProxy */;
		};
/* End PBXTargetDependency section */

/* Begin XCBuildConfiguration section */
		147EF1782B60466500B97979 /* Debug */ = {
			isa = XCBuildConfiguration;
			buildSettings = {
				ALWAYS_SEARCH_USER_PATHS = NO;
				ASSETCATALOG_COMPILER_GENERATE_SWIFT_ASSET_SYMBOL_EXTENSIONS = YES;
				CLANG_ANALYZER_NONNULL = YES;
				CLANG_ANALYZER_NUMBER_OBJECT_CONVERSION = YES_AGGRESSIVE;
				CLANG_CXX_LANGUAGE_STANDARD = "gnu++20";
				CLANG_ENABLE_MODULES = YES;
				CLANG_ENABLE_OBJC_ARC = YES;
				CLANG_ENABLE_OBJC_WEAK = YES;
				CLANG_WARN_BLOCK_CAPTURE_AUTORELEASING = YES;
				CLANG_WARN_BOOL_CONVERSION = YES;
				CLANG_WARN_COMMA = YES;
				CLANG_WARN_CONSTANT_CONVERSION = YES;
				CLANG_WARN_DEPRECATED_OBJC_IMPLEMENTATIONS = YES;
				CLANG_WARN_DIRECT_OBJC_ISA_USAGE = YES_ERROR;
				CLANG_WARN_DOCUMENTATION_COMMENTS = YES;
				CLANG_WARN_EMPTY_BODY = YES;
				CLANG_WARN_ENUM_CONVERSION = YES;
				CLANG_WARN_INFINITE_RECURSION = YES;
				CLANG_WARN_INT_CONVERSION = YES;
				CLANG_WARN_NON_LITERAL_NULL_CONVERSION = YES;
				CLANG_WARN_OBJC_IMPLICIT_RETAIN_SELF = YES;
				CLANG_WARN_OBJC_LITERAL_CONVERSION = YES;
				CLANG_WARN_OBJC_ROOT_CLASS = YES_ERROR;
				CLANG_WARN_QUOTED_INCLUDE_IN_FRAMEWORK_HEADER = YES;
				CLANG_WARN_RANGE_LOOP_ANALYSIS = YES;
				CLANG_WARN_STRICT_PROTOTYPES = YES;
				CLANG_WARN_SUSPICIOUS_MOVE = YES;
				CLANG_WARN_UNGUARDED_AVAILABILITY = YES_AGGRESSIVE;
				CLANG_WARN_UNREACHABLE_CODE = YES;
				CLANG_WARN__DUPLICATE_METHOD_MATCH = YES;
				COPY_PHASE_STRIP = NO;
				DEBUG_INFORMATION_FORMAT = dwarf;
				ENABLE_STRICT_OBJC_MSGSEND = YES;
				ENABLE_TESTABILITY = YES;
				ENABLE_USER_SCRIPT_SANDBOXING = YES;
				GCC_C_LANGUAGE_STANDARD = gnu17;
				GCC_DYNAMIC_NO_PIC = NO;
				GCC_NO_COMMON_BLOCKS = YES;
				GCC_OPTIMIZATION_LEVEL = 0;
				GCC_PREPROCESSOR_DEFINITIONS = (
					"DEBUG=1",
					"$(inherited)",
				);
				GCC_WARN_64_TO_32_BIT_CONVERSION = YES;
				GCC_WARN_ABOUT_RETURN_TYPE = YES_ERROR;
				GCC_WARN_UNDECLARED_SELECTOR = YES;
				GCC_WARN_UNINITIALIZED_AUTOS = YES_AGGRESSIVE;
				GCC_WARN_UNUSED_FUNCTION = YES;
				GCC_WARN_UNUSED_VARIABLE = YES;
				IPHONEOS_DEPLOYMENT_TARGET = 17.2;
				LOCALIZATION_PREFERS_STRING_CATALOGS = YES;
				MTL_ENABLE_DEBUG_INFO = INCLUDE_SOURCE;
				MTL_FAST_MATH = YES;
				ONLY_ACTIVE_ARCH = YES;
				SDKROOT = iphoneos;
				SWIFT_ACTIVE_COMPILATION_CONDITIONS = "DEBUG $(inherited)";
				SWIFT_OPTIMIZATION_LEVEL = "-Onone";
			};
			name = Debug;
		};
		147EF1792B60466500B97979 /* Release */ = {
			isa = XCBuildConfiguration;
			buildSettings = {
				ALWAYS_SEARCH_USER_PATHS = NO;
				ASSETCATALOG_COMPILER_GENERATE_SWIFT_ASSET_SYMBOL_EXTENSIONS = YES;
				CLANG_ANALYZER_NONNULL = YES;
				CLANG_ANALYZER_NUMBER_OBJECT_CONVERSION = YES_AGGRESSIVE;
				CLANG_CXX_LANGUAGE_STANDARD = "gnu++20";
				CLANG_ENABLE_MODULES = YES;
				CLANG_ENABLE_OBJC_ARC = YES;
				CLANG_ENABLE_OBJC_WEAK = YES;
				CLANG_WARN_BLOCK_CAPTURE_AUTORELEASING = YES;
				CLANG_WARN_BOOL_CONVERSION = YES;
				CLANG_WARN_COMMA = YES;
				CLANG_WARN_CONSTANT_CONVERSION = YES;
				CLANG_WARN_DEPRECATED_OBJC_IMPLEMENTATIONS = YES;
				CLANG_WARN_DIRECT_OBJC_ISA_USAGE = YES_ERROR;
				CLANG_WARN_DOCUMENTATION_COMMENTS = YES;
				CLANG_WARN_EMPTY_BODY = YES;
				CLANG_WARN_ENUM_CONVERSION = YES;
				CLANG_WARN_INFINITE_RECURSION = YES;
				CLANG_WARN_INT_CONVERSION = YES;
				CLANG_WARN_NON_LITERAL_NULL_CONVERSION = YES;
				CLANG_WARN_OBJC_IMPLICIT_RETAIN_SELF = YES;
				CLANG_WARN_OBJC_LITERAL_CONVERSION = YES;
				CLANG_WARN_OBJC_ROOT_CLASS = YES_ERROR;
				CLANG_WARN_QUOTED_INCLUDE_IN_FRAMEWORK_HEADER = YES;
				CLANG_WARN_RANGE_LOOP_ANALYSIS = YES;
				CLANG_WARN_STRICT_PROTOTYPES = YES;
				CLANG_WARN_SUSPICIOUS_MOVE = YES;
				CLANG_WARN_UNGUARDED_AVAILABILITY = YES_AGGRESSIVE;
				CLANG_WARN_UNREACHABLE_CODE = YES;
				CLANG_WARN__DUPLICATE_METHOD_MATCH = YES;
				COPY_PHASE_STRIP = NO;
				DEBUG_INFORMATION_FORMAT = "dwarf-with-dsym";
				ENABLE_NS_ASSERTIONS = NO;
				ENABLE_STRICT_OBJC_MSGSEND = YES;
				ENABLE_USER_SCRIPT_SANDBOXING = YES;
				GCC_C_LANGUAGE_STANDARD = gnu17;
				GCC_NO_COMMON_BLOCKS = YES;
				GCC_WARN_64_TO_32_BIT_CONVERSION = YES;
				GCC_WARN_ABOUT_RETURN_TYPE = YES_ERROR;
				GCC_WARN_UNDECLARED_SELECTOR = YES;
				GCC_WARN_UNINITIALIZED_AUTOS = YES_AGGRESSIVE;
				GCC_WARN_UNUSED_FUNCTION = YES;
				GCC_WARN_UNUSED_VARIABLE = YES;
				IPHONEOS_DEPLOYMENT_TARGET = 17.2;
				LOCALIZATION_PREFERS_STRING_CATALOGS = YES;
				MTL_ENABLE_DEBUG_INFO = NO;
				MTL_FAST_MATH = YES;
				SDKROOT = iphoneos;
				SWIFT_COMPILATION_MODE = wholemodule;
				VALIDATE_PRODUCT = YES;
			};
			name = Release;
		};
		147EF17B2B60466500B97979 /* Debug */ = {
			isa = XCBuildConfiguration;
			buildSettings = {
				ASSETCATALOG_COMPILER_APPICON_NAME = AppIcon;
				ASSETCATALOG_COMPILER_GLOBAL_ACCENT_COLOR_NAME = AccentColor;
				CODE_SIGN_STYLE = Automatic;
				CURRENT_PROJECT_VERSION = 1;
				DEVELOPMENT_ASSET_PATHS = "\"JPApexPredators17/Preview Content\"";
				DEVELOPMENT_TEAM = LMPGDC95M6;
				ENABLE_PREVIEWS = YES;
				GENERATE_INFOPLIST_FILE = YES;
				INFOPLIST_KEY_UIApplicationSceneManifest_Generation = YES;
				INFOPLIST_KEY_UIApplicationSupportsIndirectInputEvents = YES;
				INFOPLIST_KEY_UILaunchScreen_Generation = YES;
				INFOPLIST_KEY_UISupportedInterfaceOrientations_iPad = "UIInterfaceOrientationPortrait UIInterfaceOrientationPortraitUpsideDown UIInterfaceOrientationLandscapeLeft UIInterfaceOrientationLandscapeRight";
				INFOPLIST_KEY_UISupportedInterfaceOrientations_iPhone = "UIInterfaceOrientationPortrait UIInterfaceOrientationLandscapeLeft UIInterfaceOrientationLandscapeRight";
				LD_RUNPATH_SEARCH_PATHS = (
					"$(inherited)",
					"@executable_path/Frameworks",
				);
				MARKETING_VERSION = 1.0;
				PRODUCT_BUNDLE_IDENTIFIER = com.amart.JPApexPredators17;
				PRODUCT_NAME = "$(TARGET_NAME)";
				SWIFT_EMIT_LOC_STRINGS = YES;
				SWIFT_VERSION = 5.0;
				TARGETED_DEVICE_FAMILY = "1,2";
			};
			name = Debug;
		};
		147EF17C2B60466500B97979 /* Release */ = {
			isa = XCBuildConfiguration;
			buildSettings = {
				ASSETCATALOG_COMPILER_APPICON_NAME = AppIcon;
				ASSETCATALOG_COMPILER_GLOBAL_ACCENT_COLOR_NAME = AccentColor;
				CODE_SIGN_STYLE = Automatic;
				CURRENT_PROJECT_VERSION = 1;
				DEVELOPMENT_ASSET_PATHS = "\"JPApexPredators17/Preview Content\"";
				DEVELOPMENT_TEAM = LMPGDC95M6;
				ENABLE_PREVIEWS = YES;
				GENERATE_INFOPLIST_FILE = YES;
				INFOPLIST_KEY_UIApplicationSceneManifest_Generation = YES;
				INFOPLIST_KEY_UIApplicationSupportsIndirectInputEvents = YES;
				INFOPLIST_KEY_UILaunchScreen_Generation = YES;
				INFOPLIST_KEY_UISupportedInterfaceOrientations_iPad = "UIInterfaceOrientationPortrait UIInterfaceOrientationPortraitUpsideDown UIInterfaceOrientationLandscapeLeft UIInterfaceOrientationLandscapeRight";
				INFOPLIST_KEY_UISupportedInterfaceOrientations_iPhone = "UIInterfaceOrientationPortrait UIInterfaceOrientationLandscapeLeft UIInterfaceOrientationLandscapeRight";
				LD_RUNPATH_SEARCH_PATHS = (
					"$(inherited)",
					"@executable_path/Frameworks",
				);
				MARKETING_VERSION = 1.0;
				PRODUCT_BUNDLE_IDENTIFIER = com.amart.JPApexPredators17;
				PRODUCT_NAME = "$(TARGET_NAME)";
				SWIFT_EMIT_LOC_STRINGS = YES;
				SWIFT_VERSION = 5.0;
				TARGETED_DEVICE_FAMILY = "1,2";
			};
			name = Release;
		};
		14B248DB2B62F9D300E114F0 /* Debug */ = {
			isa = XCBuildConfiguration;
			buildSettings = {
				ASSETCATALOG_COMPILER_APPICON_NAME = "iMessage App Icon";
				CODE_SIGN_STYLE = Automatic;
				CURRENT_PROJECT_VERSION = 1;
				DEVELOPMENT_TEAM = LMPGDC95M6;
				GENERATE_INFOPLIST_FILE = YES;
				INFOPLIST_FILE = ApexStickers/Info.plist;
				INFOPLIST_KEY_NSStickerSharingLevel = OS;
				MARKETING_VERSION = 1.0;
				PRODUCT_BUNDLE_IDENTIFIER = com.amart.JPApexPredators17.ApexStickers;
				PRODUCT_NAME = "$(TARGET_NAME)";
				SKIP_INSTALL = YES;
				SWIFT_EMIT_LOC_STRINGS = YES;
				TARGETED_DEVICE_FAMILY = "1,2";
			};
			name = Debug;
		};
		14B248DC2B62F9D300E114F0 /* Release */ = {
			isa = XCBuildConfiguration;
			buildSettings = {
				ASSETCATALOG_COMPILER_APPICON_NAME = "iMessage App Icon";
				CODE_SIGN_STYLE = Automatic;
				CURRENT_PROJECT_VERSION = 1;
				DEVELOPMENT_TEAM = LMPGDC95M6;
				GENERATE_INFOPLIST_FILE = YES;
				INFOPLIST_FILE = ApexStickers/Info.plist;
				INFOPLIST_KEY_NSStickerSharingLevel = OS;
				MARKETING_VERSION = 1.0;
				PRODUCT_BUNDLE_IDENTIFIER = com.amart.JPApexPredators17.ApexStickers;
				PRODUCT_NAME = "$(TARGET_NAME)";
				SKIP_INSTALL = YES;
				SWIFT_EMIT_LOC_STRINGS = YES;
				TARGETED_DEVICE_FAMILY = "1,2";
			};
			name = Release;
		};
/* End XCBuildConfiguration section */

/* Begin XCConfigurationList section */
		147EF1672B60466300B97979 /* Build configuration list for PBXProject "JPApexPredators17" */ = {
			isa = XCConfigurationList;
			buildConfigurations = (
				147EF1782B60466500B97979 /* Debug */,
				147EF1792B60466500B97979 /* Release */,
			);
			defaultConfigurationIsVisible = 0;
			defaultConfigurationName = Release;
		};
		147EF17A2B60466500B97979 /* Build configuration list for PBXNativeTarget "JPApexPredators17" */ = {
			isa = XCConfigurationList;
			buildConfigurations = (
				147EF17B2B60466500B97979 /* Debug */,
				147EF17C2B60466500B97979 /* Release */,
			);
			defaultConfigurationIsVisible = 0;
			defaultConfigurationName = Release;
		};
		14B248DA2B62F9D300E114F0 /* Build configuration list for PBXNativeTarget "ApexStickers" */ = {
			isa = XCConfigurationList;
			buildConfigurations = (
				14B248DB2B62F9D300E114F0 /* Debug */,
				14B248DC2B62F9D300E114F0 /* Release */,
			);
			defaultConfigurationIsVisible = 0;
			defaultConfigurationName = Release;
		};
/* End XCConfigurationList section */
	};
	rootObject = 147EF1642B60466300B97979 /* Project object */;
}
